<?xml version="1.0" encoding="utf-8"?>
<Project ToolsVersion="4.0" xmlns="http://schemas.microsoft.com/developer/msbuild/2003">
  <ItemGroup>
    <Filter Include="소스 파일">
      <UniqueIdentifier>{4FC737F1-C7A5-4376-A066-2A32D752A2FF}</UniqueIdentifier>
      <Extensions>cpp;c;cc;cxx;c++;cppm;ixx;def;odl;idl;hpj;bat;asm;asmx</Extensions>
    </Filter>
    <Filter Include="헤더 파일">
      <UniqueIdentifier>{93995380-89BD-4b04-88EB-625FBE52EBFB}</UniqueIdentifier>
      <Extensions>h;hh;hpp;hxx;h++;hm;inl;inc;ipp;xsd</Extensions>
    </Filter>
    <Filter Include="리소스 파일">
      <UniqueIdentifier>{67DA6AB6-F800-4c08-8B7A-83BB121AAD01}</UniqueIdentifier>
      <Extensions>rc;ico;cur;bmp;dlg;rc2;rct;bin;rgs;gif;jpg;jpeg;jpe;resx;tiff;tif;png;wav;mfcribbon-ms</Extensions>
    </Filter>
    <Filter Include="CRingBuffer">
      <UniqueIdentifier>{f3d1d1b9-43cb-48de-91cd-57f340a28775}</UniqueIdentifier>
    </Filter>
    <Filter Include="CPacket">
      <UniqueIdentifier>{f07f5342-2f26-4e9c-aca9-55c419c46944}</UniqueIdentifier>
    </Filter>
    <Filter Include="Debug">
      <UniqueIdentifier>{bf4f4c9d-c441-4ee4-b4ff-27469b8e66d5}</UniqueIdentifier>
    </Filter>
    <Filter Include="CFreeList">
      <UniqueIdentifier>{f05617b8-a898-4483-9e25-5b3c74c416b2}</UniqueIdentifier>
    </Filter>
    <Filter Include="Stack">
      <UniqueIdentifier>{d15d4dd3-5625-4a47-9d69-95a20fb7e9fc}</UniqueIdentifier>
    </Filter>
  </ItemGroup>
  <ItemGroup>
    <ClInclude Include="CCrashDump.h">
      <Filter>Debug</Filter>
    </ClInclude>
    <ClInclude Include="CLanServer.h">
      <Filter>소스 파일</Filter>
    </ClInclude>
    <ClInclude Include="CRingBuffer.h">
      <Filter>CRingBuffer</Filter>
    </ClInclude>
    <ClInclude Include="Debug.h">
      <Filter>Debug</Filter>
    </ClInclude>
    <ClInclude Include="EchoServer.h">
      <Filter>소스 파일</Filter>
    </ClInclude>
    <ClInclude Include="ProcademyProfiler.h">
      <Filter>Debug</Filter>
    </ClInclude>
    <ClInclude Include="CSerializationBuffer.h">
      <Filter>CPacket</Filter>
    </ClInclude>
    <ClInclude Include="CFreeList.h">
      <Filter>CFreeList</Filter>
    </ClInclude>
  </ItemGroup>
  <ItemGroup>
    <ClCompile Include="CLanServer.cpp">
      <Filter>소스 파일</Filter>
    </ClCompile>
    <ClCompile Include="CRingBuffer.cpp">
      <Filter>CRingBuffer</Filter>
    </ClCompile>
    <ClCompile Include="EchoServer.cpp">
      <Filter>소스 파일</Filter>
    </ClCompile>
    <ClCompile Include="ProcademyProfiler.cpp">
      <Filter>Debug</Filter>
    </ClCompile>
    <ClCompile Include="CSerializationBuffer.cpp">
      <Filter>CPacket</Filter>
    </ClCompile>
    <ClCompile Include="TestStack.h">
      <Filter>Stack</Filter>
    </ClCompile>
  </ItemGroup>
</Project>