<?xml version="1.0" encoding="utf-8"?>
<Project ToolsVersion="4.0" xmlns="http://schemas.microsoft.com/developer/msbuild/2003">
  <ItemGroup>
    <Filter Include="헤더 파일">
      <UniqueIdentifier>{93995380-89BD-4b04-88EB-625FBE52EBFB}</UniqueIdentifier>
      <Extensions>h;hh;hpp;hxx;h++;hm;inl;inc;ipp;xsd</Extensions>
    </Filter>
    <Filter Include="리소스 파일">
      <UniqueIdentifier>{67DA6AB6-F800-4c08-8B7A-83BB121AAD01}</UniqueIdentifier>
      <Extensions>rc;ico;cur;bmp;dlg;rc2;rct;bin;rgs;gif;jpg;jpeg;jpe;resx;tiff;tif;png;wav;mfcribbon-ms</Extensions>
    </Filter>
    <Filter Include="Lib">
      <UniqueIdentifier>{27d44169-1ba5-41ec-8099-8c5a7001a25c}</UniqueIdentifier>
    </Filter>
    <Filter Include="Debug">
      <UniqueIdentifier>{22335175-0ca8-4fbd-a390-0343425ce18f}</UniqueIdentifier>
    </Filter>
    <Filter Include="ChatDummy">
      <UniqueIdentifier>{4FC737F1-C7A5-4376-A066-2A32D752A2FF}</UniqueIdentifier>
      <Extensions>cpp;c;cc;cxx;c++;cppm;ixx;def;odl;idl;hpj;bat;asm;asmx</Extensions>
    </Filter>
    <Filter Include="NetServer">
      <UniqueIdentifier>{218b9b79-67d3-42a2-aaee-5999386e4f44}</UniqueIdentifier>
    </Filter>
    <Filter Include="ChatDummyManager">
      <UniqueIdentifier>{7c65f76d-3b8c-4bb7-9aa3-8f873fda1a11}</UniqueIdentifier>
    </Filter>
  </ItemGroup>
  <ItemGroup>
    <ClCompile Include="main.cpp">
      <Filter>ChatDummy</Filter>
    </ClCompile>
    <ClCompile Include="CRingBuffer.cpp">
      <Filter>Lib</Filter>
    </ClCompile>
    <ClCompile Include="CSerializationBuffer.cpp">
      <Filter>Lib</Filter>
    </ClCompile>
    <ClCompile Include="ChatDummyManager.cpp">
      <Filter>ChatDummyManager</Filter>
    </ClCompile>
    <ClCompile Include="ChatDummyManager_MakePacket.cpp">
      <Filter>ChatDummyManager</Filter>
    </ClCompile>
    <ClCompile Include="NetClient.cpp">
      <Filter>NetServer</Filter>
    </ClCompile>
  </ItemGroup>
  <ItemGroup>
    <ClInclude Include="ChatDummy.h">
      <Filter>ChatDummy</Filter>
    </ClInclude>
    <ClInclude Include="CCrashDump.h">
      <Filter>Debug</Filter>
    </ClInclude>
    <ClInclude Include="CRingBuffer.h">
      <Filter>Lib</Filter>
    </ClInclude>
    <ClInclude Include="CSerializationBuffer.h">
      <Filter>Lib</Filter>
    </ClInclude>
    <ClInclude Include="LockFreeQueue.h">
      <Filter>Lib</Filter>
    </ClInclude>
    <ClInclude Include="LockFreeStack_Re.h">
      <Filter>Lib</Filter>
    </ClInclude>
    <ClInclude Include="RefCountPointer.h">
      <Filter>Lib</Filter>
    </ClInclude>
    <ClInclude Include="TLS_MemoryPool.h">
      <Filter>Lib</Filter>
    </ClInclude>
    <ClInclude Include="CFreeList_LockFree.h">
      <Filter>Lib</Filter>
    </ClInclude>
    <ClInclude Include="CommonProtocol.h">
      <Filter>ChatDummy</Filter>
    </ClInclude>
    <ClInclude Include="DebugLog.h">
      <Filter>Debug</Filter>
    </ClInclude>
    <ClInclude Include="PacketDefine.h">
      <Filter>ChatDummy</Filter>
    </ClInclude>
    <ClInclude Include="ChatDummyManager.h">
      <Filter>ChatDummyManager</Filter>
    </ClInclude>
    <ClInclude Include="ChatDummyManager_MakePacket.h">
      <Filter>ChatDummyManager</Filter>
    </ClInclude>
    <ClInclude Include="NetClient.h">
      <Filter>NetServer</Filter>
    </ClInclude>
    <ClInclude Include="Includes.h">
      <Filter>Lib</Filter>
    </ClInclude>
  </ItemGroup>
</Project>