<?xml version="1.0" encoding="utf-8"?>
<Project ToolsVersion="4.0" xmlns="http://schemas.microsoft.com/developer/msbuild/2003">
  <ItemGroup>
    <Filter Include="소스 파일">
      <UniqueIdentifier>{4FC737F1-C7A5-4376-A066-2A32D752A2FF}</UniqueIdentifier>
      <Extensions>cpp;c;cc;cxx;c++;cppm;ixx;def;odl;idl;hpj;bat;asm;asmx</Extensions>
    </Filter>
    <Filter Include="헤더 파일">
      <UniqueIdentifier>{93995380-89BD-4b04-88EB-625FBE52EBFB}</UniqueIdentifier>
      <Extensions>h;hh;hpp;hxx;h++;hm;inl;inc;ipp;xsd</Extensions>
    </Filter>
    <Filter Include="리소스 파일">
      <UniqueIdentifier>{67DA6AB6-F800-4c08-8B7A-83BB121AAD01}</UniqueIdentifier>
      <Extensions>rc;ico;cur;bmp;dlg;rc2;rct;bin;rgs;gif;jpg;jpeg;jpe;resx;tiff;tif;png;wav;mfcribbon-ms</Extensions>
    </Filter>
    <Filter Include="Lib">
      <UniqueIdentifier>{b937f024-639e-46e0-a5da-424b67548d1f}</UniqueIdentifier>
    </Filter>
    <Filter Include="Debug">
      <UniqueIdentifier>{edbf3c66-4584-4249-8e24-03ac43707eaa}</UniqueIdentifier>
    </Filter>
    <Filter Include="NetServer">
      <UniqueIdentifier>{01438faf-20b6-4290-acf3-9d79b8501b9f}</UniqueIdentifier>
    </Filter>
    <Filter Include="ChatServer">
      <UniqueIdentifier>{6680643d-ed17-41b2-918a-cb43857f2d45}</UniqueIdentifier>
    </Filter>
  </ItemGroup>
  <ItemGroup>
    <ClCompile Include="NetServer.cpp">
      <Filter>NetServer</Filter>
    </ClCompile>
    <ClCompile Include="ProcademyProfiler.cpp">
      <Filter>Debug</Filter>
    </ClCompile>
    <ClCompile Include="CSerializationBuffer.cpp">
      <Filter>Lib</Filter>
    </ClCompile>
    <ClCompile Include="CRingBuffer.cpp">
      <Filter>Lib</Filter>
    </ClCompile>
    <ClCompile Include="CNetServer_Monitor.cpp">
      <Filter>NetServer</Filter>
    </ClCompile>
    <ClCompile Include="ChatServer.cpp">
      <Filter>ChatServer</Filter>
    </ClCompile>
    <ClCompile Include="ChatServer_Sector.cpp">
      <Filter>ChatServer</Filter>
    </ClCompile>
    <ClCompile Include="ChatServer_Timer.cpp">
      <Filter>ChatServer</Filter>
    </ClCompile>
  </ItemGroup>
  <ItemGroup>
    <ClInclude Include="TLSMemoryPool.h">
      <Filter>Lib</Filter>
    </ClInclude>
    <ClInclude Include="ProcademyProfiler.h">
      <Filter>Debug</Filter>
    </ClInclude>
    <ClInclude Include="CCrashDump.h">
      <Filter>Debug</Filter>
    </ClInclude>
    <ClInclude Include="CSerializationBuffer.h">
      <Filter>Lib</Filter>
    </ClInclude>
    <ClInclude Include="RefCountPointer.h">
      <Filter>Lib</Filter>
    </ClInclude>
    <ClInclude Include="CRingBuffer.h">
      <Filter>Lib</Filter>
    </ClInclude>
    <ClInclude Include="LockFreeStack_Re.h">
      <Filter>Lib</Filter>
    </ClInclude>
    <ClInclude Include="LockFreeQueue.h">
      <Filter>Lib</Filter>
    </ClInclude>
    <ClInclude Include="NetServer.h">
      <Filter>NetServer</Filter>
    </ClInclude>
    <ClInclude Include="DebugLog.h">
      <Filter>Debug</Filter>
    </ClInclude>
    <ClInclude Include="TLS_MemoryPool.h">
      <Filter>Lib</Filter>
    </ClInclude>
    <ClInclude Include="CFreeList_LockFree.h">
      <Filter>Lib</Filter>
    </ClInclude>
    <ClInclude Include="CommonProtocol.h">
      <Filter>NetServer</Filter>
    </ClInclude>
    <ClInclude Include="ChatServer.h">
      <Filter>ChatServer</Filter>
    </ClInclude>
    <ClInclude Include="MessageDefine.h">
      <Filter>NetServer</Filter>
    </ClInclude>
    <ClInclude Include="Includes.h">
      <Filter>NetServer</Filter>
    </ClInclude>
  </ItemGroup>
</Project>