<?xml version="1.0" encoding="utf-8"?>
<Project ToolsVersion="4.0" xmlns="http://schemas.microsoft.com/developer/msbuild/2003">
  <ItemGroup>
    <Filter Include="소스 파일">
      <UniqueIdentifier>{4FC737F1-C7A5-4376-A066-2A32D752A2FF}</UniqueIdentifier>
      <Extensions>cpp;c;cc;cxx;c++;cppm;ixx;def;odl;idl;hpj;bat;asm;asmx</Extensions>
    </Filter>
    <Filter Include="헤더 파일">
      <UniqueIdentifier>{93995380-89BD-4b04-88EB-625FBE52EBFB}</UniqueIdentifier>
      <Extensions>h;hh;hpp;hxx;h++;hm;inl;inc;ipp;xsd</Extensions>
    </Filter>
    <Filter Include="NetServer">
      <UniqueIdentifier>{b4c650cc-27da-4245-a90d-ad22ebdbd637}</UniqueIdentifier>
    </Filter>
    <Filter Include="Lib">
      <UniqueIdentifier>{ad3ba5a0-86dd-4355-80f0-bdd4437c0396}</UniqueIdentifier>
    </Filter>
    <Filter Include="Log">
      <UniqueIdentifier>{be2018cc-3d30-4375-a26e-2fb8a07a3a74}</UniqueIdentifier>
    </Filter>
    <Filter Include="Debug">
      <UniqueIdentifier>{2b0bec64-fb3b-45f7-a45d-064378cbd348}</UniqueIdentifier>
    </Filter>
    <Filter Include="LoginServer">
      <UniqueIdentifier>{67DA6AB6-F800-4c08-8B7A-83BB121AAD01}</UniqueIdentifier>
      <Extensions>rc;ico;cur;bmp;dlg;rc2;rct;bin;rgs;gif;jpg;jpeg;jpe;resx;tiff;tif;png;wav;mfcribbon-ms</Extensions>
    </Filter>
    <Filter Include="Redis">
      <UniqueIdentifier>{c378864a-ff19-4cab-a047-1f16c3a86208}</UniqueIdentifier>
    </Filter>
    <Filter Include="DB">
      <UniqueIdentifier>{f55ae2cf-d7d6-4a39-96ef-9b56d5ebc8f0}</UniqueIdentifier>
    </Filter>
    <Filter Include="리소스">
      <UniqueIdentifier>{4222bc93-dbf4-4d10-9779-27463021bccb}</UniqueIdentifier>
    </Filter>
  </ItemGroup>
  <ItemGroup>
    <ClInclude Include="CCrashDump.h">
      <Filter>Debug</Filter>
    </ClInclude>
    <ClInclude Include="LockFreeQueue.h">
      <Filter>Lib</Filter>
    </ClInclude>
    <ClInclude Include="LockFreeStack_Re.h">
      <Filter>Lib</Filter>
    </ClInclude>
    <ClInclude Include="RefCountPointer.h">
      <Filter>Lib</Filter>
    </ClInclude>
    <ClInclude Include="TLS_MemoryPool.h">
      <Filter>Lib</Filter>
    </ClInclude>
    <ClInclude Include="CFreeList_LockFree.h">
      <Filter>Lib</Filter>
    </ClInclude>
    <ClInclude Include="CRingBuffer.h">
      <Filter>Lib</Filter>
    </ClInclude>
    <ClInclude Include="CSerializationBuffer.h">
      <Filter>Lib</Filter>
    </ClInclude>
    <ClInclude Include="ProcademyProfiler.h">
      <Filter>Debug</Filter>
    </ClInclude>
    <ClInclude Include="LogManager.h">
      <Filter>Log</Filter>
    </ClInclude>
    <ClInclude Include="NetServer.h">
      <Filter>NetServer</Filter>
    </ClInclude>
    <ClInclude Include="CommonProtocol_Login.h">
      <Filter>NetServer</Filter>
    </ClInclude>
    <ClInclude Include="LoginServer.h">
      <Filter>LoginServer</Filter>
    </ClInclude>
    <ClInclude Include="Includes.h">
      <Filter>LoginServer</Filter>
    </ClInclude>
    <ClInclude Include="TLSMemoryPool.h">
      <Filter>Lib</Filter>
    </ClInclude>
    <ClInclude Include="DBConnector.h">
      <Filter>DB</Filter>
    </ClInclude>
    <ClInclude Include="DBQueryProtocol.h">
      <Filter>DB</Filter>
    </ClInclude>
    <ClInclude Include="DBWriter.h">
      <Filter>DB</Filter>
    </ClInclude>
  </ItemGroup>
  <ItemGroup>
    <ClCompile Include="CRingBuffer.cpp">
      <Filter>Lib</Filter>
    </ClCompile>
    <ClCompile Include="CSerializationBuffer.cpp">
      <Filter>Lib</Filter>
    </ClCompile>
    <ClCompile Include="ProcademyProfiler.cpp">
      <Filter>Debug</Filter>
    </ClCompile>
    <ClCompile Include="NetServer.cpp">
      <Filter>NetServer</Filter>
    </ClCompile>
    <ClCompile Include="main.cpp">
      <Filter>소스 파일</Filter>
    </ClCompile>
    <ClCompile Include="LoginServer.cpp">
      <Filter>LoginServer</Filter>
    </ClCompile>
    <ClCompile Include="DBConnector.cpp">
      <Filter>DB</Filter>
    </ClCompile>
  </ItemGroup>
  <ItemGroup>
    <None Include="cpp_redis.pdb">
      <Filter>Redis</Filter>
    </None>
    <None Include="tacopie.pdb">
      <Filter>Redis</Filter>
    </None>
    <None Include="libmysql.dll">
      <Filter>리소스</Filter>
    </None>
  </ItemGroup>
  <ItemGroup>
    <Library Include="tacopie.lib">
      <Filter>Redis</Filter>
    </Library>
    <Library Include="cpp_redis.lib">
      <Filter>Redis</Filter>
    </Library>
    <Library Include="libmysql.lib">
      <Filter>리소스</Filter>
    </Library>
  </ItemGroup>
</Project>